// !$*UTF8*$!
{
	archiveVersion = 1;
	classes = {
	};
	objectVersion = 48;
	objects = {

/* Begin PBXBuildFile section */
		740F3D3F20280CE40050A6BF /* AppDelegate.m in Sources */ = {isa = PBXBuildFile; fileRef = 740F3D3E20280CE40050A6BF /* AppDelegate.m */; };
		740F3D4220280CE40050A6BF /* ViewController.m in Sources */ = {isa = PBXBuildFile; fileRef = 740F3D4120280CE40050A6BF /* ViewController.m */; };
		740F3D4520280CE40050A6BF /* Main.storyboard in Resources */ = {isa = PBXBuildFile; fileRef = 740F3D4320280CE40050A6BF /* Main.storyboard */; };
		740F3D4720280CE40050A6BF /* Assets.xcassets in Resources */ = {isa = PBXBuildFile; fileRef = 740F3D4620280CE40050A6BF /* Assets.xcassets */; };
		740F3D4A20280CE40050A6BF /* LaunchScreen.storyboard in Resources */ = {isa = PBXBuildFile; fileRef = 740F3D4820280CE40050A6BF /* LaunchScreen.storyboard */; };
		740F3D4D20280CE40050A6BF /* main.m in Sources */ = {isa = PBXBuildFile; fileRef = 740F3D4C20280CE40050A6BF /* main.m */; };
/* End PBXBuildFile section */

/* Begin PBXFileReference section */
		740F3D3A20280CE40050A6BF /* FootBasket.app */ = {isa = PBXFileReference; explicitFileType = wrapper.application; includeInIndex = 0; path = FootBasket.app; sourceTree = BUILT_PRODUCTS_DIR; };
		740F3D3D20280CE40050A6BF /* AppDelegate.h */ = {isa = PBXFileReference; lastKnownFileType = sourcecode.c.h; path = AppDelegate.h; sourceTree = "<group>"; };
		740F3D3E20280CE40050A6BF /* AppDelegate.m */ = {isa = PBXFileReference; lastKnownFileType = sourcecode.c.objc; path = AppDelegate.m; sourceTree = "<group>"; };
		740F3D4020280CE40050A6BF /* ViewController.h */ = {isa = PBXFileReference; lastKnownFileType = sourcecode.c.h; path = ViewController.h; sourceTree = "<group>"; };
		740F3D4120280CE40050A6BF /* ViewController.m */ = {isa = PBXFileReference; lastKnownFileType = sourcecode.c.objc; path = ViewController.m; sourceTree = "<group>"; };
		740F3D4420280CE40050A6BF /* Base */ = {isa = PBXFileReference; lastKnownFileType = file.storyboard; name = Base; path = Base.lproj/Main.storyboard; sourceTree = "<group>"; };
		740F3D4620280CE40050A6BF /* Assets.xcassets */ = {isa = PBXFileReference; lastKnownFileType = folder.assetcatalog; path = Assets.xcassets; sourceTree = "<group>"; };
		740F3D4920280CE40050A6BF /* Base */ = {isa = PBXFileReference; lastKnownFileType = file.storyboard; name = Base; path = Base.lproj/LaunchScreen.storyboard; sourceTree = "<group>"; };
		740F3D4B20280CE40050A6BF /* Info.plist */ = {isa = PBXFileReference; lastKnownFileType = text.plist.xml; path = Info.plist; sourceTree = "<group>"; };
		740F3D4C20280CE40050A6BF /* main.m */ = {isa = PBXFileReference; lastKnownFileType = sourcecode.c.objc; path = main.m; sourceTree = "<group>"; };
/* End PBXFileReference section */

/* Begin PBXFrameworksBuildPhase section */
		740F3D3720280CE40050A6BF /* Frameworks */ = {
			isa = PBXFrameworksBuildPhase;
			buildActionMask = 2147483647;
			files = (
			);
			runOnlyForDeploymentPostprocessing = 0;
		};
/* End PBXFrameworksBuildPhase section */

/* Begin PBXGroup section */
		740F3D3120280CE40050A6BF = {
			isa = PBXGroup;
			children = (
				740F3D3C20280CE40050A6BF /* FootBasket */,
				740F3D3B20280CE40050A6BF /* Products */,
			);
			sourceTree = "<group>";
		};
		740F3D3B20280CE40050A6BF /* Products */ = {
			isa = PBXGroup;
			children = (
				740F3D3A20280CE40050A6BF /* FootBasket.app */,
			);
			name = Products;
			sourceTree = "<group>";
		};
		740F3D3C20280CE40050A6BF /* FootBasket */ = {
			isa = PBXGroup;
			children = (
				740F3D3D20280CE40050A6BF /* AppDelegate.h */,
				740F3D3E20280CE40050A6BF /* AppDelegate.m */,
				740F3D4020280CE40050A6BF /* ViewController.h */,
				740F3D4120280CE40050A6BF /* ViewController.m */,
				740F3D4320280CE40050A6BF /* Main.storyboard */,
				740F3D4620280CE40050A6BF /* Assets.xcassets */,
				740F3D4820280CE40050A6BF /* LaunchScreen.storyboard */,
				740F3D4B20280CE40050A6BF /* Info.plist */,
				740F3D4C20280CE40050A6BF /* main.m */,
			);
			path = FootBasket;
			sourceTree = "<group>";
		};
/* End PBXGroup section */

/* Begin PBXNativeTarget section */
		740F3D3920280CE40050A6BF /* FootBasket */ = {
			isa = PBXNativeTarget;
			buildConfigurationList = 740F3D5020280CE40050A6BF /* Build configuration list for PBXNativeTarget "FootBasket" */;
			buildPhases = (
				740F3D3620280CE40050A6BF /* Sources */,
				740F3D3720280CE40050A6BF /* Frameworks */,
				740F3D3820280CE40050A6BF /* Resources */,
			);
			buildRules = (
			);
			dependencies = (
			);
			name = FootBasket;
			productName = FootBasket;
			productReference = 740F3D3A20280CE40050A6BF /* FootBasket.app */;
			productType = "com.apple.product-type.application";
		};
/* End PBXNativeTarget section */

/* Begin PBXProject section */
		740F3D3220280CE40050A6BF /* Project object */ = {
			isa = PBXProject;
			attributes = {
				LastUpgradeCheck = 0920;
				ORGANIZATIONNAME = "谢毅";
				TargetAttributes = {
					740F3D3920280CE40050A6BF = {
						CreatedOnToolsVersion = 9.2;
						ProvisioningStyle = Automatic;
					};
				};
			};
			buildConfigurationList = 740F3D3520280CE40050A6BF /* Build configuration list for PBXProject "FootBasket" */;
			compatibilityVersion = "Xcode 8.0";
			developmentRegion = en;
			hasScannedForEncodings = 0;
			knownRegions = (
				en,
				Base,
			);
			mainGroup = 740F3D3120280CE40050A6BF;
			productRefGroup = 740F3D3B20280CE40050A6BF /* Products */;
			projectDirPath = "";
			projectRoot = "";
			targets = (
				740F3D3920280CE40050A6BF /* FootBasket */,
			);
		};
/* End PBXProject section */

/* Begin PBXResourcesBuildPhase section */
		740F3D3820280CE40050A6BF /* Resources */ = {
			isa = PBXResourcesBuildPhase;
			buildActionMask = 2147483647;
			files = (
				740F3D4A20280CE40050A6BF /* LaunchScreen.storyboard in Resources */,
				740F3D4720280CE40050A6BF /* Assets.xcassets in Resources */,
				740F3D4520280CE40050A6BF /* Main.storyboard in Resources */,
			);
			runOnlyForDeploymentPostprocessing = 0;
		};
/* End PBXResourcesBuildPhase section */

/* Begin PBXSourcesBuildPhase section */
		740F3D3620280CE40050A6BF /* Sources */ = {
			isa = PBXSourcesBuildPhase;
			buildActionMask = 2147483647;
			files = (
				740F3D4220280CE40050A6BF /* ViewController.m in Sources */,
				740F3D4D20280CE40050A6BF /* main.m in Sources */,
				740F3D3F20280CE40050A6BF /* AppDelegate.m in Sources */,
			);
			runOnlyForDeploymentPostprocessing = 0;
		};
/* End PBXSourcesBuildPhase section */

/* Begin PBXVariantGroup section */
		740F3D4320280CE40050A6BF /* Main.storyboard */ = {
			isa = PBXVariantGroup;
			children = (
				740F3D4420280CE40050A6BF /* Base */,
			);
			name = Main.storyboard;
			sourceTree = "<group>";
		};
		740F3D4820280CE40050A6BF /* LaunchScreen.storyboard */ = {
			isa = PBXVariantGroup;
			children = (
				740F3D4920280CE40050A6BF /* Base */,
			);
			name = LaunchScreen.storyboard;
			sourceTree = "<group>";
		};
/* End PBXVariantGroup section */

/* Begin XCBuildConfiguration section */
		740F3D4E20280CE40050A6BF /* Debug */ = {
			isa = XCBuildConfiguration;
			buildSettings = {
				ALWAYS_SEARCH_USER_PATHS = NO;
				CLANG_ANALYZER_NONNULL = YES;
				CLANG_ANALYZER_NUMBER_OBJECT_CONVERSION = YES_AGGRESSIVE;
				CLANG_CXX_LANGUAGE_STANDARD = "gnu++14";
				CLANG_CXX_LIBRARY = "libc++";
				CLANG_ENABLE_MODULES = YES;
				CLANG_ENABLE_OBJC_ARC = YES;
				CLANG_WARN_BLOCK_CAPTURE_AUTORELEASING = YES;
				CLANG_WARN_BOOL_CONVERSION = YES;
				CLANG_WARN_COMMA = YES;
				CLANG_WARN_CONSTANT_CONVERSION = YES;
				CLANG_WARN_DIRECT_OBJC_ISA_USAGE = YES_ERROR;
				CLANG_WARN_DOCUMENTATION_COMMENTS = YES;
				CLANG_WARN_EMPTY_BODY = YES;
				CLANG_WARN_ENUM_CONVERSION = YES;
				CLANG_WARN_INFINITE_RECURSION = YES;
				CLANG_WARN_INT_CONVERSION = YES;
				CLANG_WARN_NON_LITERAL_NULL_CONVERSION = YES;
				CLANG_WARN_OBJC_LITERAL_CONVERSION = YES;
				CLANG_WARN_OBJC_ROOT_CLASS = YES_ERROR;
				CLANG_WARN_RANGE_LOOP_ANALYSIS = YES;
				CLANG_WARN_STRICT_PROTOTYPES = YES;
				CLANG_WARN_SUSPICIOUS_MOVE = YES;
				CLANG_WARN_UNGUARDED_AVAILABILITY = YES_AGGRESSIVE;
				CLANG_WARN_UNREACHABLE_CODE = YES;
				CLANG_WARN__DUPLICATE_METHOD_MATCH = YES;
				CODE_SIGN_IDENTITY = "iPhone Developer";
				COPY_PHASE_STRIP = NO;
				DEBUG_INFORMATION_FORMAT = dwarf;
				ENABLE_STRICT_OBJC_MSGSEND = YES;
				ENABLE_TESTABILITY = YES;
				GCC_C_LANGUAGE_STANDARD = gnu11;
				GCC_DYNAMIC_NO_PIC = NO;
				GCC_NO_COMMON_BLOCKS = YES;
				GCC_OPTIMIZATION_LEVEL = 0;
				GCC_PREPROCESSOR_DEFINITIONS = (
					"DEBUG=1",
					"$(inherited)",
				);
				GCC_WARN_64_TO_32_BIT_CONVERSION = YES;
				GCC_WARN_ABOUT_RETURN_TYPE = YES_ERROR;
				GCC_WARN_UNDECLARED_SELECTOR = YES;
				GCC_WARN_UNINITIALIZED_AUTOS = YES_AGGRESSIVE;
				GCC_WARN_UNUSED_FUNCTION = YES;
				GCC_WARN_UNUSED_VARIABLE = YES;
				IPHONEOS_DEPLOYMENT_TARGET = 11.2;
				MTL_ENABLE_DEBUG_INFO = YES;
				ONLY_ACTIVE_ARCH = YES;
				SDKROOT = iphoneos;
			};
			name = Debug;
		};
		740F3D4F20280CE40050A6BF /* Release */ = {
			isa = XCBuildConfiguration;
			buildSettings = {
				ALWAYS_SEARCH_USER_PATHS = NO;
				CLANG_ANALYZER_NONNULL = YES;
				CLANG_ANALYZER_NUMBER_OBJECT_CONVERSION = YES_AGGRESSIVE;
				CLANG_CXX_LANGUAGE_STANDARD = "gnu++14";
				CLANG_CXX_LIBRARY = "libc++";
				CLANG_ENABLE_MODULES = YES;
				CLANG_ENABLE_OBJC_ARC = YES;
				CLANG_WARN_BLOCK_CAPTURE_AUTORELEASING = YES;
				CLANG_WARN_BOOL_CONVERSION = YES;
				CLANG_WARN_COMMA = YES;
				CLANG_WARN_CONSTANT_CONVERSION = YES;
				CLANG_WARN_DIRECT_OBJC_ISA_USAGE = YES_ERROR;
				CLANG_WARN_DOCUMENTATION_COMMENTS = YES;
				CLANG_WARN_EMPTY_BODY = YES;
				CLANG_WARN_ENUM_CONVERSION = YES;
				CLANG_WARN_INFINITE_RECURSION = YES;
				CLANG_WARN_INT_CONVERSION = YES;
				CLANG_WARN_NON_LITERAL_NULL_CONVERSION = YES;
				CLANG_WARN_OBJC_LITERAL_CONVERSION = YES;
				CLANG_WARN_OBJC_ROOT_CLASS = YES_ERROR;
				CLANG_WARN_RANGE_LOOP_ANALYSIS = YES;
				CLANG_WARN_STRICT_PROTOTYPES = YES;
				CLANG_WARN_SUSPICIOUS_MOVE = YES;
				CLANG_WARN_UNGUARDED_AVAILABILITY = YES_AGGRESSIVE;
				CLANG_WARN_UNREACHABLE_CODE = YES;
				CLANG_WARN__DUPLICATE_METHOD_MATCH = YES;
				CODE_SIGN_IDENTITY = "iPhone Developer";
				COPY_PHASE_STRIP = NO;
				DEBUG_INFORMATION_FORMAT = "dwarf-with-dsym";
				ENABLE_NS_ASSERTIONS = NO;
				ENABLE_STRICT_OBJC_MSGSEND = YES;
				GCC_C_LANGUAGE_STANDARD = gnu11;
				GCC_NO_COMMON_BLOCKS = YES;
				GCC_WARN_64_TO_32_BIT_CONVERSION = YES;
				GCC_WARN_ABOUT_RETURN_TYPE = YES_ERROR;
				GCC_WARN_UNDECLARED_SELECTOR = YES;
				GCC_WARN_UNINITIALIZED_AUTOS = YES_AGGRESSIVE;
				GCC_WARN_UNUSED_FUNCTION = YES;
				GCC_WARN_UNUSED_VARIABLE = YES;
				IPHONEOS_DEPLOYMENT_TARGET = 11.2;
				MTL_ENABLE_DEBUG_INFO = NO;
				SDKROOT = iphoneos;
				VALIDATE_PRODUCT = YES;
			};
			name = Release;
		};
		740F3D5120280CE40050A6BF /* Debug */ = {
			isa = XCBuildConfiguration;
			buildSettings = {
				ASSETCATALOG_COMPILER_APPICON_NAME = AppIcon;
				CODE_SIGN_STYLE = Automatic;
				DEVELOPMENT_TEAM = 483ZA3A2UA;
				INFOPLIST_FILE = FootBasket/Info.plist;
				LD_RUNPATH_SEARCH_PATHS = "$(inherited) @executable_path/Frameworks";
				PRODUCT_BUNDLE_IDENTIFIER = com.xy.footbasket.FootBasket;
				PRODUCT_NAME = "$(TARGET_NAME)";
				TARGETED_DEVICE_FAMILY = "1,2";
			};
			name = Debug;
		};
		740F3D5220280CE40050A6BF /* Release */ = {
			isa = XCBuildConfiguration;
			buildSettings = {
				ASSETCATALOG_COMPILER_APPICON_NAME = AppIcon;
				CODE_SIGN_STYLE = Automatic;
				DEVELOPMENT_TEAM = 483ZA3A2UA;
				INFOPLIST_FILE = FootBasket/Info.plist;
				LD_RUNPATH_SEARCH_PATHS = "$(inherited) @executable_path/Frameworks";
				PRODUCT_BUNDLE_IDENTIFIER = com.xy.footbasket.FootBasket;
				PRODUCT_NAME = "$(TARGET_NAME)";
				TARGETED_DEVICE_FAMILY = "1,2";
			};
			name = Release;
		};
/* End XCBuildConfiguration section */

/* Begin XCConfigurationList section */
		740F3D3520280CE40050A6BF /* Build configuration list for PBXProject "FootBasket" */ = {
			isa = XCConfigurationList;
			buildConfigurations = (
				740F3D4E20280CE40050A6BF /* Debug */,
				740F3D4F20280CE40050A6BF /* Release */,
			);
			defaultConfigurationIsVisible = 0;
			defaultConfigurationName = Release;
		};
		740F3D5020280CE40050A6BF /* Build configuration list for PBXNativeTarget "FootBasket" */ = {
			isa = XCConfigurationList;
			buildConfigurations = (
				740F3D5120280CE40050A6BF /* Debug */,
				740F3D5220280CE40050A6BF /* Release */,
			);
			defaultConfigurationIsVisible = 0;
			defaultConfigurationName = Release;
		};
/* End XCConfigurationList section */
	};
	rootObject = 740F3D3220280CE40050A6BF /* Project object */;
}
